
Microsoft Visual Studio Solution File, Format Version 12.00
# Visual Studio 15
VisualStudioVersion = 15.0.28307.757
MinimumVisualStudioVersion = 10.0.40219.1
Project("{E24C65DC-7377-472B-9ABA-BC803B73C61A}") = "RoomMagnetTake1", "RoomMagnetTake1\", "{DBFD03A1-32AD-44CD-ADB6-ECEFE9D454AE}"
	ProjectSection(WebsiteProperties) = preProject
		TargetFrameworkMoniker = ".NETFramework,Version%3Dv4.6.1"
		Debug.AspNetCompiler.VirtualPath = "/localhost_59901"
		Debug.AspNetCompiler.PhysicalPath = "RoomMagnetTake1\"
		Debug.AspNetCompiler.TargetPath = "PrecompiledWeb\localhost_59901\"
		Debug.AspNetCompiler.Updateable = "true"
		Debug.AspNetCompiler.ForceOverwrite = "true"
		Debug.AspNetCompiler.FixedNames = "false"
		Debug.AspNetCompiler.Debug = "True"
		Release.AspNetCompiler.VirtualPath = "/localhost_59901"
		Release.AspNetCompiler.PhysicalPath = "RoomMagnetTake1\"
		Release.AspNetCompiler.TargetPath = "PrecompiledWeb\localhost_59901\"
		Release.AspNetCompiler.Updateable = "true"
		Release.AspNetCompiler.ForceOverwrite = "true"
		Release.AspNetCompiler.FixedNames = "false"
		Release.AspNetCompiler.Debug = "False"
		VWDPort = "59901"
		SlnRelativePath = "RoomMagnetTake1\"
		DefaultWebSiteLanguage = "Visual C#"
	EndProjectSection
EndProject
Project("{9092AA53-FB77-4645-B42D-1CCCA6BD08BD}") = "SQLConnection", "SQLConnection\SQLConnection.njsproj", "{29CE8388-B0F8-41C3-A82E-5022AFE4EBBA}"
EndProject
Global
	GlobalSection(SolutionConfigurationPlatforms) = preSolution
		Debug|Any CPU = Debug|Any CPU
		Release|Any CPU = Release|Any CPU
	EndGlobalSection
	GlobalSection(ProjectConfigurationPlatforms) = postSolution
		{DBFD03A1-32AD-44CD-ADB6-ECEFE9D454AE}.Debug|Any CPU.ActiveCfg = Debug|Any CPU
		{DBFD03A1-32AD-44CD-ADB6-ECEFE9D454AE}.Debug|Any CPU.Build.0 = Debug|Any CPU
		{DBFD03A1-32AD-44CD-ADB6-ECEFE9D454AE}.Release|Any CPU.ActiveCfg = Debug|Any CPU
		{DBFD03A1-32AD-44CD-ADB6-ECEFE9D454AE}.Release|Any CPU.Build.0 = Debug|Any CPU
		{29CE8388-B0F8-41C3-A82E-5022AFE4EBBA}.Debug|Any CPU.ActiveCfg = Debug|Any CPU
		{29CE8388-B0F8-41C3-A82E-5022AFE4EBBA}.Debug|Any CPU.Build.0 = Debug|Any CPU
		{29CE8388-B0F8-41C3-A82E-5022AFE4EBBA}.Release|Any CPU.ActiveCfg = Release|Any CPU
		{29CE8388-B0F8-41C3-A82E-5022AFE4EBBA}.Release|Any CPU.Build.0 = Release|Any CPU
	EndGlobalSection
	GlobalSection(SolutionProperties) = preSolution
		HideSolutionNode = FALSE
	EndGlobalSection
	GlobalSection(ExtensibilityGlobals) = postSolution
		SolutionGuid = {ED5DD5C5-9B0D-4F44-8C22-FA6F1E42AA15}
	EndGlobalSection
EndGlobal
