
Microsoft Visual Studio Solution File, Format Version 12.00
# Visual Studio 15
VisualStudioVersion = 15.0.28307.779
MinimumVisualStudioVersion = 10.0.40219.1
Project("{E24C65DC-7377-472B-9ABA-BC803B73C61A}") = "TenantAccount", "TenantAccount\", "{98B73A08-F05C-4EB3-AAD4-FF221E03E1F0}"
	ProjectSection(WebsiteProperties) = preProject
		TargetFrameworkMoniker = ".NETFramework,Version%3Dv4.6.1"
		Debug.AspNetCompiler.VirtualPath = "/localhost_57606"
		Debug.AspNetCompiler.PhysicalPath = "TenantAccount\"
		Debug.AspNetCompiler.TargetPath = "PrecompiledWeb\localhost_57606\"
		Debug.AspNetCompiler.Updateable = "true"
		Debug.AspNetCompiler.ForceOverwrite = "true"
		Debug.AspNetCompiler.FixedNames = "false"
		Debug.AspNetCompiler.Debug = "True"
		Release.AspNetCompiler.VirtualPath = "/localhost_57606"
		Release.AspNetCompiler.PhysicalPath = "TenantAccount\"
		Release.AspNetCompiler.TargetPath = "PrecompiledWeb\localhost_57606\"
		Release.AspNetCompiler.Updateable = "true"
		Release.AspNetCompiler.ForceOverwrite = "true"
		Release.AspNetCompiler.FixedNames = "false"
		Release.AspNetCompiler.Debug = "False"
		VWDPort = "57606"
		SlnRelativePath = "TenantAccount\"
		DefaultWebSiteLanguage = "Visual C#"
	EndProjectSection
EndProject
Global
	GlobalSection(SolutionConfigurationPlatforms) = preSolution
		Debug|Any CPU = Debug|Any CPU
	EndGlobalSection
	GlobalSection(ProjectConfigurationPlatforms) = postSolution
		{98B73A08-F05C-4EB3-AAD4-FF221E03E1F0}.Debug|Any CPU.ActiveCfg = Debug|Any CPU
		{98B73A08-F05C-4EB3-AAD4-FF221E03E1F0}.Debug|Any CPU.Build.0 = Debug|Any CPU
	EndGlobalSection
	GlobalSection(SolutionProperties) = preSolution
		HideSolutionNode = FALSE
	EndGlobalSection
	GlobalSection(ExtensibilityGlobals) = postSolution
		SolutionGuid = {CB789788-9B6C-49FA-8252-5E02E4710CB9}
	EndGlobalSection
EndGlobal
